
Microsoft Visual Studio Solution File, Format Version 12.00
# Visual Studio Version 17
VisualStudioVersion = 17.14.36623.8 d17.14
MinimumVisualStudioVersion = 10.0.40219.1
Project("{FAE04EC0-301F-11D3-BF4B-00C04F79EFBC}") = "ConsoleApp2", "ConsoleApp2\ConsoleApp2.csproj", "{0C5C08BF-71A7-417B-BEE9-5AA9A32E8067}"
EndProject
Global
	GlobalSection(SolutionConfigurationPlatforms) = preSolution
		Debug|Any CPU = Debug|Any CPU
		Release|Any CPU = Release|Any CPU
	EndGlobalSection
	GlobalSection(ProjectConfigurationPlatforms) = postSolution
		{0C5C08BF-71A7-417B-BEE9-5AA9A32E8067}.Debug|Any CPU.ActiveCfg = Debug|Any CPU
		{0C5C08BF-71A7-417B-BEE9-5AA9A32E8067}.Debug|Any CPU.Build.0 = Debug|Any CPU
		{0C5C08BF-71A7-417B-BEE9-5AA9A32E8067}.Release|Any CPU.ActiveCfg = Release|Any CPU
		{0C5C08BF-71A7-417B-BEE9-5AA9A32E8067}.Release|Any CPU.Build.0 = Release|Any CPU
	EndGlobalSection
	GlobalSection(SolutionProperties) = preSolution
		HideSolutionNode = FALSE
	EndGlobalSection
	GlobalSection(ExtensibilityGlobals) = postSolution
		SolutionGuid = {BB7EF994-3BB0-4AE0-9BEF-81459E5ED7FC}
	EndGlobalSection
EndGlobal
